{
  "name": "gatsby-plugin-console-log-a",
  "version": "1.0.0",
  "lockfileVersion": 1,
  "requires": true,
  "dependencies": {
    "@babel/runtime": {
      "version": "7.8.4",
      "resolved": "https://registry.npmjs.org/@babel/runtime/-/runtime-7.8.4.tgz",
      "integrity": "sha512-neAp3zt80trRVBI1x0azq6c57aNBqYZH8KhMm3TaB7wEI5Q4A2SHfBHE8w9gOhI/lrqxtEbXZgQIrHP+wvSGwQ==",
      "requires": {
        "regenerator-runtime": "^0.13.2"
      }
    },
    "gatsby-plugin-twitter": {
      "version": "2.1.19",
      "resolved": "https://registry.npmjs.org/gatsby-plugin-twitter/-/gatsby-plugin-twitter-2.1.19.tgz",
      "integrity": "sha512-zzMzjafidopyHQ566H1d1v4Y9LoBGYNV92jm2NibJu8xGvS2ijrKNtvUMOKCU3gDNNnE7x++C+dS8yCMFixdsA==",
      "requires": {
        "@babel/runtime": "^7.7.6"
      }
    },
    "regenerator-runtime": {
      "version": "0.13.3",
      "resolved": "https://registry.npmjs.org/regenerator-runtime/-/regenerator-runtime-0.13.3.tgz",
      "integrity": "sha512-naKIZz2GQ8JWh///G7L3X6LaQUAMp2lvb1rvwwsURe/VXwD6VMfr+/1NuNw3ag8v2kY1aQ/go5SNn79O9JU7yw=="
    }
  }
}
